// !$*UTF8*$!
{
	archiveVersion = 1;
	classes = {
	};
	objectVersion = 46;
	objects = {

/* Begin PBXBuildFile section */
		11B8773A1E81D4CF00B38677 /* AppDelegate.swift in Sources */ = {isa = PBXBuildFile; fileRef = 11B877391E81D4CF00B38677 /* AppDelegate.swift */; };
		11B8773C1E81D4CF00B38677 /* WeeksTableViewController.swift in Sources */ = {isa = PBXBuildFile; fileRef = 11B8773B1E81D4CF00B38677 /* WeeksTableViewController.swift */; };
		11B8773F1E81D4D000B38677 /* Main.storyboard in Resources */ = {isa = PBXBuildFile; fileRef = 11B8773D1E81D4D000B38677 /* Main.storyboard */; };
		11B877411E81D4D000B38677 /* Assets.xcassets in Resources */ = {isa = PBXBuildFile; fileRef = 11B877401E81D4D000B38677 /* Assets.xcassets */; };
		11B877441E81D4D000B38677 /* LaunchScreen.storyboard in Resources */ = {isa = PBXBuildFile; fileRef = 11B877421E81D4D000B38677 /* LaunchScreen.storyboard */; };
		11B8774D1E81D50000B38677 /* sports_week_1.json in Resources */ = {isa = PBXBuildFile; fileRef = 11B8774B1E81D50000B38677 /* sports_week_1.json */; };
		11B8774E1E81D50000B38677 /* sports_week_2.json in Resources */ = {isa = PBXBuildFile; fileRef = 11B8774C1E81D50000B38677 /* sports_week_2.json */; };
		11B877511E81D52700B38677 /* SwiftyJSON.swift in Sources */ = {isa = PBXBuildFile; fileRef = 11B877501E81D52700B38677 /* SwiftyJSON.swift */; };
		11B877531E81D9DF00B38677 /* LeaguesTableViewController.swift in Sources */ = {isa = PBXBuildFile; fileRef = 11B877521E81D9DF00B38677 /* LeaguesTableViewController.swift */; };
		11B877551E81DE8300B38677 /* Leagues.swift in Sources */ = {isa = PBXBuildFile; fileRef = 11B877541E81DE8300B38677 /* Leagues.swift */; };
		11B877571E81DF4200B38677 /* Games.swift in Sources */ = {isa = PBXBuildFile; fileRef = 11B877561E81DF4200B38677 /* Games.swift */; };
		11B877591E82E4E000B38677 /* LeagueCell.swift in Sources */ = {isa = PBXBuildFile; fileRef = 11B877581E82E4E000B38677 /* LeagueCell.swift */; };
		11B8775B1E830C9D00B38677 /* GamesTableViewController.swift in Sources */ = {isa = PBXBuildFile; fileRef = 11B8775A1E830C9D00B38677 /* GamesTableViewController.swift */; };
		11F172451E84521E00FAA5E1 /* GameCell.swift in Sources */ = {isa = PBXBuildFile; fileRef = 11F172441E84521E00FAA5E1 /* GameCell.swift */; };
/* End PBXBuildFile section */

/* Begin PBXFileReference section */
		11B877361E81D4CF00B38677 /* SportsApp.app */ = {isa = PBXFileReference; explicitFileType = wrapper.application; includeInIndex = 0; path = SportsApp.app; sourceTree = BUILT_PRODUCTS_DIR; };
		11B877391E81D4CF00B38677 /* AppDelegate.swift */ = {isa = PBXFileReference; lastKnownFileType = sourcecode.swift; path = AppDelegate.swift; sourceTree = "<group>"; };
		11B8773B1E81D4CF00B38677 /* WeeksTableViewController.swift */ = {isa = PBXFileReference; lastKnownFileType = sourcecode.swift; path = WeeksTableViewController.swift; sourceTree = "<group>"; };
		11B8773E1E81D4D000B38677 /* Base */ = {isa = PBXFileReference; lastKnownFileType = file.storyboard; name = Base; path = Base.lproj/Main.storyboard; sourceTree = "<group>"; };
		11B877401E81D4D000B38677 /* Assets.xcassets */ = {isa = PBXFileReference; lastKnownFileType = folder.assetcatalog; path = Assets.xcassets; sourceTree = "<group>"; };
		11B877431E81D4D000B38677 /* Base */ = {isa = PBXFileReference; lastKnownFileType = file.storyboard; name = Base; path = Base.lproj/LaunchScreen.storyboard; sourceTree = "<group>"; };
		11B877451E81D4D000B38677 /* Info.plist */ = {isa = PBXFileReference; lastKnownFileType = text.plist.xml; path = Info.plist; sourceTree = "<group>"; };
		11B8774B1E81D50000B38677 /* sports_week_1.json */ = {isa = PBXFileReference; fileEncoding = 4; lastKnownFileType = text.json; path = sports_week_1.json; sourceTree = "<group>"; };
		11B8774C1E81D50000B38677 /* sports_week_2.json */ = {isa = PBXFileReference; fileEncoding = 4; lastKnownFileType = text.json; path = sports_week_2.json; sourceTree = "<group>"; };
		11B877501E81D52700B38677 /* SwiftyJSON.swift */ = {isa = PBXFileReference; fileEncoding = 4; lastKnownFileType = sourcecode.swift; path = SwiftyJSON.swift; sourceTree = "<group>"; };
		11B877521E81D9DF00B38677 /* LeaguesTableViewController.swift */ = {isa = PBXFileReference; fileEncoding = 4; lastKnownFileType = sourcecode.swift; path = LeaguesTableViewController.swift; sourceTree = "<group>"; };
		11B877541E81DE8300B38677 /* Leagues.swift */ = {isa = PBXFileReference; fileEncoding = 4; lastKnownFileType = sourcecode.swift; path = Leagues.swift; sourceTree = "<group>"; };
		11B877561E81DF4200B38677 /* Games.swift */ = {isa = PBXFileReference; fileEncoding = 4; lastKnownFileType = sourcecode.swift; path = Games.swift; sourceTree = "<group>"; };
		11B877581E82E4E000B38677 /* LeagueCell.swift */ = {isa = PBXFileReference; fileEncoding = 4; lastKnownFileType = sourcecode.swift; path = LeagueCell.swift; sourceTree = "<group>"; };
		11B8775A1E830C9D00B38677 /* GamesTableViewController.swift */ = {isa = PBXFileReference; fileEncoding = 4; lastKnownFileType = sourcecode.swift; path = GamesTableViewController.swift; sourceTree = "<group>"; };
		11F172441E84521E00FAA5E1 /* GameCell.swift */ = {isa = PBXFileReference; fileEncoding = 4; lastKnownFileType = sourcecode.swift; path = GameCell.swift; sourceTree = "<group>"; };
/* End PBXFileReference section */

/* Begin PBXFrameworksBuildPhase section */
		11B877331E81D4CF00B38677 /* Frameworks */ = {
			isa = PBXFrameworksBuildPhase;
			buildActionMask = 2147483647;
			files = (
			);
			runOnlyForDeploymentPostprocessing = 0;
		};
/* End PBXFrameworksBuildPhase section */

/* Begin PBXGroup section */
		11B8772D1E81D4CF00B38677 = {
			isa = PBXGroup;
			children = (
				11B877381E81D4CF00B38677 /* SportsApp */,
				11B877371E81D4CF00B38677 /* Products */,
			);
			sourceTree = "<group>";
		};
		11B877371E81D4CF00B38677 /* Products */ = {
			isa = PBXGroup;
			children = (
				11B877361E81D4CF00B38677 /* SportsApp.app */,
			);
			name = Products;
			sourceTree = "<group>";
		};
		11B877381E81D4CF00B38677 /* SportsApp */ = {
			isa = PBXGroup;
			children = (
				11B877391E81D4CF00B38677 /* AppDelegate.swift */,
				11B8773B1E81D4CF00B38677 /* WeeksTableViewController.swift */,
				11B877521E81D9DF00B38677 /* LeaguesTableViewController.swift */,
				11B8775A1E830C9D00B38677 /* GamesTableViewController.swift */,
				11B877541E81DE8300B38677 /* Leagues.swift */,
				11B877561E81DF4200B38677 /* Games.swift */,
				11B877581E82E4E000B38677 /* LeagueCell.swift */,
				11F172441E84521E00FAA5E1 /* GameCell.swift */,
				11B8773D1E81D4D000B38677 /* Main.storyboard */,
				11B8774F1E81D50700B38677 /* Data */,
				11B877401E81D4D000B38677 /* Assets.xcassets */,
				11B877421E81D4D000B38677 /* LaunchScreen.storyboard */,
				11B877451E81D4D000B38677 /* Info.plist */,
			);
			path = SportsApp;
			sourceTree = "<group>";
		};
		11B8774F1E81D50700B38677 /* Data */ = {
			isa = PBXGroup;
			children = (
				11B877501E81D52700B38677 /* SwiftyJSON.swift */,
				11B8774B1E81D50000B38677 /* sports_week_1.json */,
				11B8774C1E81D50000B38677 /* sports_week_2.json */,
			);
			name = Data;
			sourceTree = "<group>";
		};
/* End PBXGroup section */

/* Begin PBXNativeTarget section */
		11B877351E81D4CF00B38677 /* SportsApp */ = {
			isa = PBXNativeTarget;
			buildConfigurationList = 11B877481E81D4D000B38677 /* Build configuration list for PBXNativeTarget "SportsApp" */;
			buildPhases = (
				11B877321E81D4CF00B38677 /* Sources */,
				11B877331E81D4CF00B38677 /* Frameworks */,
				11B877341E81D4CF00B38677 /* Resources */,
			);
			buildRules = (
			);
			dependencies = (
			);
			name = SportsApp;
			productName = SportsApp;
			productReference = 11B877361E81D4CF00B38677 /* SportsApp.app */;
			productType = "com.apple.product-type.application";
		};
/* End PBXNativeTarget section */

/* Begin PBXProject section */
		11B8772E1E81D4CF00B38677 /* Project object */ = {
			isa = PBXProject;
			attributes = {
				LastSwiftUpdateCheck = 0820;
				LastUpgradeCheck = 0820;
				ORGANIZATIONNAME = Alma;
				TargetAttributes = {
					11B877351E81D4CF00B38677 = {
						CreatedOnToolsVersion = 8.2.1;
						ProvisioningStyle = Automatic;
					};
				};
			};
			buildConfigurationList = 11B877311E81D4CF00B38677 /* Build configuration list for PBXProject "SportsApp" */;
			compatibilityVersion = "Xcode 3.2";
			developmentRegion = English;
			hasScannedForEncodings = 0;
			knownRegions = (
				en,
				Base,
			);
			mainGroup = 11B8772D1E81D4CF00B38677;
			productRefGroup = 11B877371E81D4CF00B38677 /* Products */;
			projectDirPath = "";
			projectRoot = "";
			targets = (
				11B877351E81D4CF00B38677 /* SportsApp */,
			);
		};
/* End PBXProject section */

/* Begin PBXResourcesBuildPhase section */
		11B877341E81D4CF00B38677 /* Resources */ = {
			isa = PBXResourcesBuildPhase;
			buildActionMask = 2147483647;
			files = (
				11B8774D1E81D50000B38677 /* sports_week_1.json in Resources */,
				11B877441E81D4D000B38677 /* LaunchScreen.storyboard in Resources */,
				11B877411E81D4D000B38677 /* Assets.xcassets in Resources */,
				11B8774E1E81D50000B38677 /* sports_week_2.json in Resources */,
				11B8773F1E81D4D000B38677 /* Main.storyboard in Resources */,
			);
			runOnlyForDeploymentPostprocessing = 0;
		};
/* End PBXResourcesBuildPhase section */

/* Begin PBXSourcesBuildPhase section */
		11B877321E81D4CF00B38677 /* Sources */ = {
			isa = PBXSourcesBuildPhase;
			buildActionMask = 2147483647;
			files = (
				11B877531E81D9DF00B38677 /* LeaguesTableViewController.swift in Sources */,
				11B877511E81D52700B38677 /* SwiftyJSON.swift in Sources */,
				11F172451E84521E00FAA5E1 /* GameCell.swift in Sources */,
				11B8773C1E81D4CF00B38677 /* WeeksTableViewController.swift in Sources */,
				11B877571E81DF4200B38677 /* Games.swift in Sources */,
				11B8773A1E81D4CF00B38677 /* AppDelegate.swift in Sources */,
				11B8775B1E830C9D00B38677 /* GamesTableViewController.swift in Sources */,
				11B877591E82E4E000B38677 /* LeagueCell.swift in Sources */,
				11B877551E81DE8300B38677 /* Leagues.swift in Sources */,
			);
			runOnlyForDeploymentPostprocessing = 0;
		};
/* End PBXSourcesBuildPhase section */

/* Begin PBXVariantGroup section */
		11B8773D1E81D4D000B38677 /* Main.storyboard */ = {
			isa = PBXVariantGroup;
			children = (
				11B8773E1E81D4D000B38677 /* Base */,
			);
			name = Main.storyboard;
			sourceTree = "<group>";
		};
		11B877421E81D4D000B38677 /* LaunchScreen.storyboard */ = {
			isa = PBXVariantGroup;
			children = (
				11B877431E81D4D000B38677 /* Base */,
			);
			name = LaunchScreen.storyboard;
			sourceTree = "<group>";
		};
/* End PBXVariantGroup section */

/* Begin XCBuildConfiguration section */
		11B877461E81D4D000B38677 /* Debug */ = {
			isa = XCBuildConfiguration;
			buildSettings = {
				ALWAYS_SEARCH_USER_PATHS = NO;
				CLANG_ANALYZER_NONNULL = YES;
				CLANG_CXX_LANGUAGE_STANDARD = "gnu++0x";
				CLANG_CXX_LIBRARY = "libc++";
				CLANG_ENABLE_MODULES = YES;
				CLANG_ENABLE_OBJC_ARC = YES;
				CLANG_WARN_BOOL_CONVERSION = YES;
				CLANG_WARN_CONSTANT_CONVERSION = YES;
				CLANG_WARN_DIRECT_OBJC_ISA_USAGE = YES_ERROR;
				CLANG_WARN_DOCUMENTATION_COMMENTS = YES;
				CLANG_WARN_EMPTY_BODY = YES;
				CLANG_WARN_ENUM_CONVERSION = YES;
				CLANG_WARN_INFINITE_RECURSION = YES;
				CLANG_WARN_INT_CONVERSION = YES;
				CLANG_WARN_OBJC_ROOT_CLASS = YES_ERROR;
				CLANG_WARN_SUSPICIOUS_MOVE = YES;
				CLANG_WARN_UNREACHABLE_CODE = YES;
				CLANG_WARN__DUPLICATE_METHOD_MATCH = YES;
				"CODE_SIGN_IDENTITY[sdk=iphoneos*]" = "iPhone Developer";
				COPY_PHASE_STRIP = NO;
				DEBUG_INFORMATION_FORMAT = dwarf;
				ENABLE_STRICT_OBJC_MSGSEND = YES;
				ENABLE_TESTABILITY = YES;
				GCC_C_LANGUAGE_STANDARD = gnu99;
				GCC_DYNAMIC_NO_PIC = NO;
				GCC_NO_COMMON_BLOCKS = YES;
				GCC_OPTIMIZATION_LEVEL = 0;
				GCC_PREPROCESSOR_DEFINITIONS = (
					"DEBUG=1",
					"$(inherited)",
				);
				GCC_WARN_64_TO_32_BIT_CONVERSION = YES;
				GCC_WARN_ABOUT_RETURN_TYPE = YES_ERROR;
				GCC_WARN_UNDECLARED_SELECTOR = YES;
				GCC_WARN_UNINITIALIZED_AUTOS = YES_AGGRESSIVE;
				GCC_WARN_UNUSED_FUNCTION = YES;
				GCC_WARN_UNUSED_VARIABLE = YES;
				IPHONEOS_DEPLOYMENT_TARGET = 10.2;
				MTL_ENABLE_DEBUG_INFO = YES;
				ONLY_ACTIVE_ARCH = YES;
				SDKROOT = iphoneos;
				SWIFT_ACTIVE_COMPILATION_CONDITIONS = DEBUG;
				SWIFT_OPTIMIZATION_LEVEL = "-Onone";
			};
			name = Debug;
		};
		11B877471E81D4D000B38677 /* Release */ = {
			isa = XCBuildConfiguration;
			buildSettings = {
				ALWAYS_SEARCH_USER_PATHS = NO;
				CLANG_ANALYZER_NONNULL = YES;
				CLANG_CXX_LANGUAGE_STANDARD = "gnu++0x";
				CLANG_CXX_LIBRARY = "libc++";
				CLANG_ENABLE_MODULES = YES;
				CLANG_ENABLE_OBJC_ARC = YES;
				CLANG_WARN_BOOL_CONVERSION = YES;
				CLANG_WARN_CONSTANT_CONVERSION = YES;
				CLANG_WARN_DIRECT_OBJC_ISA_USAGE = YES_ERROR;
				CLANG_WARN_DOCUMENTATION_COMMENTS = YES;
				CLANG_WARN_EMPTY_BODY = YES;
				CLANG_WARN_ENUM_CONVERSION = YES;
				CLANG_WARN_INFINITE_RECURSION = YES;
				CLANG_WARN_INT_CONVERSION = YES;
				CLANG_WARN_OBJC_ROOT_CLASS = YES_ERROR;
				CLANG_WARN_SUSPICIOUS_MOVE = YES;
				CLANG_WARN_UNREACHABLE_CODE = YES;
				CLANG_WARN__DUPLICATE_METHOD_MATCH = YES;
				"CODE_SIGN_IDENTITY[sdk=iphoneos*]" = "iPhone Developer";
				COPY_PHASE_STRIP = NO;
				DEBUG_INFORMATION_FORMAT = "dwarf-with-dsym";
				ENABLE_NS_ASSERTIONS = NO;
				ENABLE_STRICT_OBJC_MSGSEND = YES;
				GCC_C_LANGUAGE_STANDARD = gnu99;
				GCC_NO_COMMON_BLOCKS = YES;
				GCC_WARN_64_TO_32_BIT_CONVERSION = YES;
				GCC_WARN_ABOUT_RETURN_TYPE = YES_ERROR;
				GCC_WARN_UNDECLARED_SELECTOR = YES;
				GCC_WARN_UNINITIALIZED_AUTOS = YES_AGGRESSIVE;
				GCC_WARN_UNUSED_FUNCTION = YES;
				GCC_WARN_UNUSED_VARIABLE = YES;
				IPHONEOS_DEPLOYMENT_TARGET = 10.2;
				MTL_ENABLE_DEBUG_INFO = NO;
				SDKROOT = iphoneos;
				SWIFT_OPTIMIZATION_LEVEL = "-Owholemodule";
				VALIDATE_PRODUCT = YES;
			};
			name = Release;
		};
		11B877491E81D4D000B38677 /* Debug */ = {
			isa = XCBuildConfiguration;
			buildSettings = {
				ASSETCATALOG_COMPILER_APPICON_NAME = AppIcon;
				INFOPLIST_FILE = SportsApp/Info.plist;
				LD_RUNPATH_SEARCH_PATHS = "$(inherited) @executable_path/Frameworks";
				PRODUCT_BUNDLE_IDENTIFIER = Com.Alma.SportsApp;
				PRODUCT_NAME = "$(TARGET_NAME)";
				SWIFT_VERSION = 3.0;
			};
			name = Debug;
		};
		11B8774A1E81D4D000B38677 /* Release */ = {
			isa = XCBuildConfiguration;
			buildSettings = {
				ASSETCATALOG_COMPILER_APPICON_NAME = AppIcon;
				INFOPLIST_FILE = SportsApp/Info.plist;
				LD_RUNPATH_SEARCH_PATHS = "$(inherited) @executable_path/Frameworks";
				PRODUCT_BUNDLE_IDENTIFIER = Com.Alma.SportsApp;
				PRODUCT_NAME = "$(TARGET_NAME)";
				SWIFT_VERSION = 3.0;
			};
			name = Release;
		};
/* End XCBuildConfiguration section */

/* Begin XCConfigurationList section */
		11B877311E81D4CF00B38677 /* Build configuration list for PBXProject "SportsApp" */ = {
			isa = XCConfigurationList;
			buildConfigurations = (
				11B877461E81D4D000B38677 /* Debug */,
				11B877471E81D4D000B38677 /* Release */,
			);
			defaultConfigurationIsVisible = 0;
			defaultConfigurationName = Release;
		};
		11B877481E81D4D000B38677 /* Build configuration list for PBXNativeTarget "SportsApp" */ = {
			isa = XCConfigurationList;
			buildConfigurations = (
				11B877491E81D4D000B38677 /* Debug */,
				11B8774A1E81D4D000B38677 /* Release */,
			);
			defaultConfigurationIsVisible = 0;
			defaultConfigurationName = Release;
		};
/* End XCConfigurationList section */
	};
	rootObject = 11B8772E1E81D4CF00B38677 /* Project object */;
}
